
Microsoft Visual Studio Solution File, Format Version 12.00
# Visual Studio Version 17
VisualStudioVersion = 17.13.35806.99 d17.13
MinimumVisualStudioVersion = 10.0.40219.1
Project("{FAE04EC0-301F-11D3-BF4B-00C04F79EFBC}") = "MySuperPrjMvc", "MySuperPrjMvc\MySuperPrjMvc.csproj", "{8308C412-BB6E-4486-867D-AF0D0F4F7DB5}"
EndProject
Project("{FAE04EC0-301F-11D3-BF4B-00C04F79EFBC}") = "Application", "Application\Application.csproj", "{5C7ED816-657C-4C90-A2B4-05B7A21F67D0}"
EndProject
Project("{FAE04EC0-301F-11D3-BF4B-00C04F79EFBC}") = "Domain", "Domain\Domain.csproj", "{DADB8D08-A5AB-4ACC-AC4E-42C4228C0475}"
EndProject
Project("{FAE04EC0-301F-11D3-BF4B-00C04F79EFBC}") = "Infrastructure", "Infrastructure\Infrastructure.csproj", "{9E112E7B-487C-4DF7-8B6A-EAFDD675DAD8}"
EndProject
Global
	GlobalSection(SolutionConfigurationPlatforms) = preSolution
		Debug|Any CPU = Debug|Any CPU
		Release|Any CPU = Release|Any CPU
	EndGlobalSection
	GlobalSection(ProjectConfigurationPlatforms) = postSolution
		{8308C412-BB6E-4486-867D-AF0D0F4F7DB5}.Debug|Any CPU.ActiveCfg = Debug|Any CPU
		{8308C412-BB6E-4486-867D-AF0D0F4F7DB5}.Debug|Any CPU.Build.0 = Debug|Any CPU
		{8308C412-BB6E-4486-867D-AF0D0F4F7DB5}.Release|Any CPU.ActiveCfg = Release|Any CPU
		{8308C412-BB6E-4486-867D-AF0D0F4F7DB5}.Release|Any CPU.Build.0 = Release|Any CPU
		{5C7ED816-657C-4C90-A2B4-05B7A21F67D0}.Debug|Any CPU.ActiveCfg = Debug|Any CPU
		{5C7ED816-657C-4C90-A2B4-05B7A21F67D0}.Debug|Any CPU.Build.0 = Debug|Any CPU
		{5C7ED816-657C-4C90-A2B4-05B7A21F67D0}.Release|Any CPU.ActiveCfg = Release|Any CPU
		{5C7ED816-657C-4C90-A2B4-05B7A21F67D0}.Release|Any CPU.Build.0 = Release|Any CPU
		{DADB8D08-A5AB-4ACC-AC4E-42C4228C0475}.Debug|Any CPU.ActiveCfg = Debug|Any CPU
		{DADB8D08-A5AB-4ACC-AC4E-42C4228C0475}.Debug|Any CPU.Build.0 = Debug|Any CPU
		{DADB8D08-A5AB-4ACC-AC4E-42C4228C0475}.Release|Any CPU.ActiveCfg = Release|Any CPU
		{DADB8D08-A5AB-4ACC-AC4E-42C4228C0475}.Release|Any CPU.Build.0 = Release|Any CPU
		{9E112E7B-487C-4DF7-8B6A-EAFDD675DAD8}.Debug|Any CPU.ActiveCfg = Debug|Any CPU
		{9E112E7B-487C-4DF7-8B6A-EAFDD675DAD8}.Debug|Any CPU.Build.0 = Debug|Any CPU
		{9E112E7B-487C-4DF7-8B6A-EAFDD675DAD8}.Release|Any CPU.ActiveCfg = Release|Any CPU
		{9E112E7B-487C-4DF7-8B6A-EAFDD675DAD8}.Release|Any CPU.Build.0 = Release|Any CPU
	EndGlobalSection
	GlobalSection(SolutionProperties) = preSolution
		HideSolutionNode = FALSE
	EndGlobalSection
	GlobalSection(ExtensibilityGlobals) = postSolution
		SolutionGuid = {393573B7-2421-40D7-AC62-CCEE85ACC15E}
	EndGlobalSection
EndGlobal
